
Microsoft Visual Studio Solution File, Format Version 12.00
# Visual Studio Version 17
VisualStudioVersion = 17.12.35707.178
MinimumVisualStudioVersion = 10.0.40219.1
Project("{FAE04EC0-301F-11D3-BF4B-00C04F79EFBC}") = "ExpensifyApp", "ExpensifyApp\ExpensifyApp.csproj", "{383C4888-4121-4C6C-B820-E7CD50D98779}"
EndProject
Global
	GlobalSection(SolutionConfigurationPlatforms) = preSolution
		Debug|Any CPU = Debug|Any CPU
		Release|Any CPU = Release|Any CPU
	EndGlobalSection
	GlobalSection(ProjectConfigurationPlatforms) = postSolution
		{383C4888-4121-4C6C-B820-E7CD50D98779}.Debug|Any CPU.ActiveCfg = Debug|Any CPU
		{383C4888-4121-4C6C-B820-E7CD50D98779}.Debug|Any CPU.Build.0 = Debug|Any CPU
		{383C4888-4121-4C6C-B820-E7CD50D98779}.Debug|Any CPU.Deploy.0 = Debug|Any CPU
		{383C4888-4121-4C6C-B820-E7CD50D98779}.Release|Any CPU.ActiveCfg = Release|Any CPU
		{383C4888-4121-4C6C-B820-E7CD50D98779}.Release|Any CPU.Build.0 = Release|Any CPU
	EndGlobalSection
	GlobalSection(SolutionProperties) = preSolution
		HideSolutionNode = FALSE
	EndGlobalSection
EndGlobal
